
Microsoft Visual Studio Solution File, Format Version 12.00
# Visual Studio Version 16
VisualStudioVersion = 16.0.31019.35
MinimumVisualStudioVersion = 10.0.40219.1
Project("{2150E333-8FDC-42A3-9474-1A3956D46DE8}") = "Services", "Services", "{9880C2CF-EC40-4B83-9A94-F6A275D3FE5D}"
EndProject
Project("{2150E333-8FDC-42A3-9474-1A3956D46DE8}") = "Catalog", "Catalog", "{54C2B376-1596-4227-9AAE-8AE2437A71E4}"
EndProject
Project("{9A19103F-16F7-4668-BE54-9A1E7A4F7556}") = "Catalog.API", "Services\Catalog\Catalog.API\Catalog.API.csproj", "{8787F4E6-C81B-4A43-8F27-005D681F93F0}"
EndProject
Project("{E53339B2-1760-4266-BCC7-CA923CBCF16C}") = "docker-compose", "docker-compose.dcproj", "{045F6A5C-7BF5-4A18-A473-C9EF31FD2CC6}"
EndProject
Project("{2150E333-8FDC-42A3-9474-1A3956D46DE8}") = "Basket", "Basket", "{5386BBD0-79D3-462F-A58D-7E039C1CD338}"
EndProject
Project("{9A19103F-16F7-4668-BE54-9A1E7A4F7556}") = "Basket.API", "Services\Basket\Basket.API\Basket.API.csproj", "{1AA9C8C3-86F7-440B-AC04-EED7BAF28241}"
EndProject
Project("{2150E333-8FDC-42A3-9474-1A3956D46DE8}") = "Discount", "Discount", "{AE6ED850-9D94-433D-A65E-84689F67F621}"
EndProject
Project("{9A19103F-16F7-4668-BE54-9A1E7A4F7556}") = "Discount.API", "Services\Discount\Discount.API\Discount.API.csproj", "{98160B85-0A02-443B-898B-2D132D300CDD}"
EndProject
Project("{9A19103F-16F7-4668-BE54-9A1E7A4F7556}") = "Discount.Grpc", "Services\Discount\Discount.Grpc\Discount.Grpc.csproj", "{046B37F4-36CD-44D6-B600-6E61B97361D0}"
EndProject
Project("{2150E333-8FDC-42A3-9474-1A3956D46DE8}") = "Ordering", "Ordering", "{106E5AF4-CEC8-41CC-8DBC-D2C8FF4191E8}"
EndProject
Project("{9A19103F-16F7-4668-BE54-9A1E7A4F7556}") = "Ordering.API", "Services\Ordering\Ordering.API\Ordering.API.csproj", "{193A2CC7-C89B-4867-954F-1DFBC698BDDC}"
EndProject
Project("{9A19103F-16F7-4668-BE54-9A1E7A4F7556}") = "Ordering.Domain", "Services\Ordering\Ordering.Domain\Ordering.Domain.csproj", "{E2F4613A-51CF-4BB6-9335-F73CA1E9F94F}"
EndProject
Project("{9A19103F-16F7-4668-BE54-9A1E7A4F7556}") = "Ordering.Application", "Services\Ordering\Ordering.Application\Ordering.Application.csproj", "{37AAA7AE-87EB-49AA-907A-6FE5651C90DA}"
EndProject
Project("{9A19103F-16F7-4668-BE54-9A1E7A4F7556}") = "Ordering.Infrastructure", "Services\Ordering\Ordering.Infrastructure\Ordering.Infrastructure.csproj", "{56E19ACE-2457-41C0-B253-B412CD3A9309}"
EndProject
Global
	GlobalSection(SolutionConfigurationPlatforms) = preSolution
		Debug|Any CPU = Debug|Any CPU
		Release|Any CPU = Release|Any CPU
	EndGlobalSection
	GlobalSection(ProjectConfigurationPlatforms) = postSolution
		{8787F4E6-C81B-4A43-8F27-005D681F93F0}.Debug|Any CPU.ActiveCfg = Debug|Any CPU
		{8787F4E6-C81B-4A43-8F27-005D681F93F0}.Debug|Any CPU.Build.0 = Debug|Any CPU
		{8787F4E6-C81B-4A43-8F27-005D681F93F0}.Release|Any CPU.ActiveCfg = Release|Any CPU
		{8787F4E6-C81B-4A43-8F27-005D681F93F0}.Release|Any CPU.Build.0 = Release|Any CPU
		{045F6A5C-7BF5-4A18-A473-C9EF31FD2CC6}.Debug|Any CPU.ActiveCfg = Debug|Any CPU
		{045F6A5C-7BF5-4A18-A473-C9EF31FD2CC6}.Debug|Any CPU.Build.0 = Debug|Any CPU
		{045F6A5C-7BF5-4A18-A473-C9EF31FD2CC6}.Release|Any CPU.ActiveCfg = Release|Any CPU
		{045F6A5C-7BF5-4A18-A473-C9EF31FD2CC6}.Release|Any CPU.Build.0 = Release|Any CPU
		{1AA9C8C3-86F7-440B-AC04-EED7BAF28241}.Debug|Any CPU.ActiveCfg = Debug|Any CPU
		{1AA9C8C3-86F7-440B-AC04-EED7BAF28241}.Debug|Any CPU.Build.0 = Debug|Any CPU
		{1AA9C8C3-86F7-440B-AC04-EED7BAF28241}.Release|Any CPU.ActiveCfg = Release|Any CPU
		{1AA9C8C3-86F7-440B-AC04-EED7BAF28241}.Release|Any CPU.Build.0 = Release|Any CPU
		{98160B85-0A02-443B-898B-2D132D300CDD}.Debug|Any CPU.ActiveCfg = Debug|Any CPU
		{98160B85-0A02-443B-898B-2D132D300CDD}.Debug|Any CPU.Build.0 = Debug|Any CPU
		{98160B85-0A02-443B-898B-2D132D300CDD}.Release|Any CPU.ActiveCfg = Release|Any CPU
		{98160B85-0A02-443B-898B-2D132D300CDD}.Release|Any CPU.Build.0 = Release|Any CPU
		{046B37F4-36CD-44D6-B600-6E61B97361D0}.Debug|Any CPU.ActiveCfg = Debug|Any CPU
		{046B37F4-36CD-44D6-B600-6E61B97361D0}.Debug|Any CPU.Build.0 = Debug|Any CPU
		{046B37F4-36CD-44D6-B600-6E61B97361D0}.Release|Any CPU.ActiveCfg = Release|Any CPU
		{046B37F4-36CD-44D6-B600-6E61B97361D0}.Release|Any CPU.Build.0 = Release|Any CPU
		{193A2CC7-C89B-4867-954F-1DFBC698BDDC}.Debug|Any CPU.ActiveCfg = Debug|Any CPU
		{193A2CC7-C89B-4867-954F-1DFBC698BDDC}.Debug|Any CPU.Build.0 = Debug|Any CPU
		{193A2CC7-C89B-4867-954F-1DFBC698BDDC}.Release|Any CPU.ActiveCfg = Release|Any CPU
		{193A2CC7-C89B-4867-954F-1DFBC698BDDC}.Release|Any CPU.Build.0 = Release|Any CPU
		{E2F4613A-51CF-4BB6-9335-F73CA1E9F94F}.Debug|Any CPU.ActiveCfg = Debug|Any CPU
		{E2F4613A-51CF-4BB6-9335-F73CA1E9F94F}.Debug|Any CPU.Build.0 = Debug|Any CPU
		{E2F4613A-51CF-4BB6-9335-F73CA1E9F94F}.Release|Any CPU.ActiveCfg = Release|Any CPU
		{E2F4613A-51CF-4BB6-9335-F73CA1E9F94F}.Release|Any CPU.Build.0 = Release|Any CPU
		{37AAA7AE-87EB-49AA-907A-6FE5651C90DA}.Debug|Any CPU.ActiveCfg = Debug|Any CPU
		{37AAA7AE-87EB-49AA-907A-6FE5651C90DA}.Debug|Any CPU.Build.0 = Debug|Any CPU
		{37AAA7AE-87EB-49AA-907A-6FE5651C90DA}.Release|Any CPU.ActiveCfg = Release|Any CPU
		{37AAA7AE-87EB-49AA-907A-6FE5651C90DA}.Release|Any CPU.Build.0 = Release|Any CPU
		{56E19ACE-2457-41C0-B253-B412CD3A9309}.Debug|Any CPU.ActiveCfg = Debug|Any CPU
		{56E19ACE-2457-41C0-B253-B412CD3A9309}.Debug|Any CPU.Build.0 = Debug|Any CPU
		{56E19ACE-2457-41C0-B253-B412CD3A9309}.Release|Any CPU.ActiveCfg = Release|Any CPU
		{56E19ACE-2457-41C0-B253-B412CD3A9309}.Release|Any CPU.Build.0 = Release|Any CPU
	EndGlobalSection
	GlobalSection(SolutionProperties) = preSolution
		HideSolutionNode = FALSE
	EndGlobalSection
	GlobalSection(NestedProjects) = preSolution
		{54C2B376-1596-4227-9AAE-8AE2437A71E4} = {9880C2CF-EC40-4B83-9A94-F6A275D3FE5D}
		{8787F4E6-C81B-4A43-8F27-005D681F93F0} = {54C2B376-1596-4227-9AAE-8AE2437A71E4}
		{5386BBD0-79D3-462F-A58D-7E039C1CD338} = {9880C2CF-EC40-4B83-9A94-F6A275D3FE5D}
		{1AA9C8C3-86F7-440B-AC04-EED7BAF28241} = {5386BBD0-79D3-462F-A58D-7E039C1CD338}
		{AE6ED850-9D94-433D-A65E-84689F67F621} = {9880C2CF-EC40-4B83-9A94-F6A275D3FE5D}
		{98160B85-0A02-443B-898B-2D132D300CDD} = {AE6ED850-9D94-433D-A65E-84689F67F621}
		{046B37F4-36CD-44D6-B600-6E61B97361D0} = {AE6ED850-9D94-433D-A65E-84689F67F621}
		{106E5AF4-CEC8-41CC-8DBC-D2C8FF4191E8} = {9880C2CF-EC40-4B83-9A94-F6A275D3FE5D}
		{193A2CC7-C89B-4867-954F-1DFBC698BDDC} = {106E5AF4-CEC8-41CC-8DBC-D2C8FF4191E8}
		{E2F4613A-51CF-4BB6-9335-F73CA1E9F94F} = {106E5AF4-CEC8-41CC-8DBC-D2C8FF4191E8}
		{37AAA7AE-87EB-49AA-907A-6FE5651C90DA} = {106E5AF4-CEC8-41CC-8DBC-D2C8FF4191E8}
		{56E19ACE-2457-41C0-B253-B412CD3A9309} = {106E5AF4-CEC8-41CC-8DBC-D2C8FF4191E8}
	EndGlobalSection
	GlobalSection(ExtensibilityGlobals) = postSolution
		SolutionGuid = {A22AAC84-4A7D-41E6-9D21-B4D46BF147F4}
	EndGlobalSection
EndGlobal
